
Microsoft Visual Studio Solution File, Format Version 12.00
# Visual Studio Version 16
VisualStudioVersion = 25.0.1705.4
MinimumVisualStudioVersion = 10.0.40219.1
Project("{FAE04EC0-301F-11D3-BF4B-00C04F79EFBC}") = "student-api", "student-api\student-api.csproj", "{AC9AF84A-706B-4579-BC0B-5D51078F90F6}"
EndProject
Global
	GlobalSection(SolutionConfigurationPlatforms) = preSolution
		Debug|Any CPU = Debug|Any CPU
		Release|Any CPU = Release|Any CPU
	EndGlobalSection
	GlobalSection(ProjectConfigurationPlatforms) = postSolution
		{AC9AF84A-706B-4579-BC0B-5D51078F90F6}.Debug|Any CPU.ActiveCfg = Debug|Any CPU
		{AC9AF84A-706B-4579-BC0B-5D51078F90F6}.Debug|Any CPU.Build.0 = Debug|Any CPU
		{AC9AF84A-706B-4579-BC0B-5D51078F90F6}.Release|Any CPU.ActiveCfg = Release|Any CPU
		{AC9AF84A-706B-4579-BC0B-5D51078F90F6}.Release|Any CPU.Build.0 = Release|Any CPU
	EndGlobalSection
	GlobalSection(SolutionProperties) = preSolution
		HideSolutionNode = FALSE
	EndGlobalSection
	GlobalSection(ExtensibilityGlobals) = postSolution
		SolutionGuid = {AC623227-063D-4F92-AF2B-92199D106C21}
	EndGlobalSection
EndGlobal
